
Microsoft Visual Studio Solution File, Format Version 12.00
# Visual Studio Version 16
VisualStudioVersion = 16.0.29306.81
MinimumVisualStudioVersion = 10.0.40219.1
Project("{FAE04EC0-301F-11D3-BF4B-00C04F79EFBC}") = "PartyInvites", "PartyInvites.csproj", "{762258BB-5904-4A79-81FB-AB3E998855A9}"
EndProject
Global
	GlobalSection(SolutionConfigurationPlatforms) = preSolution
		Debug|Any CPU = Debug|Any CPU
		Release|Any CPU = Release|Any CPU
	EndGlobalSection
	GlobalSection(ProjectConfigurationPlatforms) = postSolution
		{762258BB-5904-4A79-81FB-AB3E998855A9}.Debug|Any CPU.ActiveCfg = Debug|Any CPU
		{762258BB-5904-4A79-81FB-AB3E998855A9}.Debug|Any CPU.Build.0 = Debug|Any CPU
		{762258BB-5904-4A79-81FB-AB3E998855A9}.Release|Any CPU.ActiveCfg = Release|Any CPU
		{762258BB-5904-4A79-81FB-AB3E998855A9}.Release|Any CPU.Build.0 = Release|Any CPU
	EndGlobalSection
	GlobalSection(SolutionProperties) = preSolution
		HideSolutionNode = FALSE
	EndGlobalSection
	GlobalSection(ExtensibilityGlobals) = postSolution
		SolutionGuid = {6203C8F3-F5A2-4919-9420-E2903251E72F}
	EndGlobalSection
EndGlobal
